<?xml version="1.0" encoding="utf-8"?>
<Project ToolsVersion="4.0" xmlns="http://schemas.microsoft.com/developer/msbuild/2003">
  <ItemGroup>
    <Filter Include="Source Files">
      <UniqueIdentifier>{4FC737F1-C7A5-4376-A066-2A32D752A2FF}</UniqueIdentifier>
      <Extensions>cpp;c;cc;cxx;c++;cppm;ixx;def;odl;idl;hpj;bat;asm;asmx</Extensions>
    </Filter>
    <Filter Include="Header Files">
      <UniqueIdentifier>{93995380-89BD-4b04-88EB-625FBE52EBFB}</UniqueIdentifier>
      <Extensions>h;hh;hpp;hxx;h++;hm;inl;inc;ipp;xsd</Extensions>
    </Filter>
    <Filter Include="Resource Files">
      <UniqueIdentifier>{67DA6AB6-F800-4c08-8B7A-83BB121AAD01}</UniqueIdentifier>
      <Extensions>rc;ico;cur;bmp;dlg;rc2;rct;bin;rgs;gif;jpg;jpeg;jpe;resx;tiff;tif;png;wav;mfcribbon-ms</Extensions>
    </Filter>
  </ItemGroup>
  <ItemGroup>
    <ClInclude Include="src\semantics\Variable.h">
      <Filter>Header Files</Filter>
    </ClInclude>
    <ClInclude Include="src\ast\Element.h">
      <Filter>Header Files</Filter>
    </ClInclude>
    <ClInclude Include="src\ast\Expression.h">
      <Filter>Header Files</Filter>
    </ClInclude>
    <ClInclude Include="src\ast\File.h">
      <Filter>Header Files</Filter>
    </ClInclude>
    <ClInclude Include="src\ast\Statement.h">
      <Filter>Header Files</Filter>
    </ClInclude>
    <ClInclude Include="src\ast\Type.h">
      <Filter>Header Files</Filter>
    </ClInclude>
    <ClInclude Include="src\parser\input.h">
      <Filter>Header Files</Filter>
    </ClInclude>
    <ClInclude Include="src\parser\lexer.h">
      <Filter>Header Files</Filter>
    </ClInclude>
    <ClInclude Include="src\parser\Parser.h">
      <Filter>Header Files</Filter>
    </ClInclude>
    <ClInclude Include="src\semantics\Type.h">
      <Filter>Header Files</Filter>
    </ClInclude>
    <ClInclude Include="src\keywords.h">
      <Filter>Header Files</Filter>
    </ClInclude>
    <ClInclude Include="src\List.h">
      <Filter>Header Files</Filter>
    </ClInclude>
    <ClInclude Include="src\log.h">
      <Filter>Header Files</Filter>
    </ClInclude>
    <ClInclude Include="src\mangle.h">
      <Filter>Header Files</Filter>
    </ClInclude>
    <ClInclude Include="src\semantics\Resolver.h">
      <Filter>Header Files</Filter>
    </ClInclude>
    <ClInclude Include="src\snek.h">
      <Filter>Header Files</Filter>
    </ClInclude>
    <ClInclude Include="src\stringbuffer.h">
      <Filter>Header Files</Filter>
    </ClInclude>
    <ClInclude Include="src\utils.h">
      <Filter>Header Files</Filter>
    </ClInclude>
    <ClInclude Include="src\ast\Declaration.h">
      <Filter>Header Files</Filter>
    </ClInclude>
    <ClInclude Include="src\ast\Module.h">
      <Filter>Header Files</Filter>
    </ClInclude>
    <ClInclude Include="src\semantics\Function.h">
      <Filter>Header Files</Filter>
    </ClInclude>
    <ClInclude Include="src\semantics\Enum.h">
      <Filter>Header Files</Filter>
    </ClInclude>
    <ClInclude Include="src\semantics\Struct.h">
      <Filter>Header Files</Filter>
    </ClInclude>
    <ClInclude Include="src\semantics\Typedef.h">
      <Filter>Header Files</Filter>
    </ClInclude>
    <ClInclude Include="src\semantics\Exprdef.h">
      <Filter>Header Files</Filter>
    </ClInclude>
  </ItemGroup>
  <ItemGroup>
    <ClCompile Include="src\ast\Element.cpp">
      <Filter>Source Files</Filter>
    </ClCompile>
    <ClCompile Include="src\ast\Expression.cpp">
      <Filter>Source Files</Filter>
    </ClCompile>
    <ClCompile Include="src\ast\File.cpp">
      <Filter>Source Files</Filter>
    </ClCompile>
    <ClCompile Include="src\ast\Statement.cpp">
      <Filter>Source Files</Filter>
    </ClCompile>
    <ClCompile Include="src\semantics\Variable.cpp">
      <Filter>Source Files</Filter>
    </ClCompile>
    <ClCompile Include="src\parser\input.cpp">
      <Filter>Source Files</Filter>
    </ClCompile>
    <ClCompile Include="src\parser\lexer.cpp">
      <Filter>Source Files</Filter>
    </ClCompile>
    <ClCompile Include="src\parser\Parser.cpp">
      <Filter>Source Files</Filter>
    </ClCompile>
    <ClCompile Include="src\semantics\Type.cpp">
      <Filter>Source Files</Filter>
    </ClCompile>
    <ClCompile Include="src\log.cpp">
      <Filter>Source Files</Filter>
    </ClCompile>
    <ClCompile Include="src\mangle.cpp">
      <Filter>Source Files</Filter>
    </ClCompile>
    <ClCompile Include="src\semantics\Resolver.cpp">
      <Filter>Source Files</Filter>
    </ClCompile>
    <ClCompile Include="src\snek.cpp">
      <Filter>Source Files</Filter>
    </ClCompile>
    <ClCompile Include="src\stringbuffer.cpp">
      <Filter>Source Files</Filter>
    </ClCompile>
    <ClCompile Include="src\utils.cpp">
      <Filter>Source Files</Filter>
    </ClCompile>
    <ClCompile Include="src\ast\Declaration.cpp">
      <Filter>Source Files</Filter>
    </ClCompile>
    <ClCompile Include="src\ast\Type.cpp">
      <Filter>Source Files</Filter>
    </ClCompile>
    <ClCompile Include="src\semantics\Function.cpp">
      <Filter>Source Files</Filter>
    </ClCompile>
    <ClCompile Include="src\semantics\Enum.cpp">
      <Filter>Source Files</Filter>
    </ClCompile>
    <ClCompile Include="src\semantics\Struct.cpp">
      <Filter>Source Files</Filter>
    </ClCompile>
    <ClCompile Include="src\semantics\Typedef.cpp">
      <Filter>Source Files</Filter>
    </ClCompile>
    <ClCompile Include="src\semantics\Exprdef.cpp">
      <Filter>Source Files</Filter>
    </ClCompile>
  </ItemGroup>
</Project>